
Microsoft Visual Studio Solution File, Format Version 12.00
# Visual Studio Version 17
VisualStudioVersion = 17.3.32929.385
MinimumVisualStudioVersion = 10.0.40219.1
Project("{D954291E-2A0B-460D-934E-DC6B0785DB48}") = "ContactBook.Shared", "ContactBook.Shared\ContactBook.Shared.shproj", "{6279C845-92F8-4333-AB99-3D213163593C}"
EndProject
Project("{2150E333-8FDC-42A3-9474-1A3956D46DE8}") = "Platforms", "Platforms", "{539ADEE1-0FC7-42AE-9649-84F68054FEBD}"
EndProject
Project("{FAE04EC0-301F-11D3-BF4B-00C04F79EFBC}") = "ContactBook.Droid", "ContactBook.Droid\ContactBook.Droid.csproj", "{92131ABE-E0A6-4CD6-BBC3-71CA8FDAE118}"
EndProject
Project("{FAE04EC0-301F-11D3-BF4B-00C04F79EFBC}") = "ContactBook.iOS", "ContactBook.iOS\ContactBook.iOS.csproj", "{D3858757-62D0-4412-961A-3C82BAD78D15}"
EndProject
Project("{FAE04EC0-301F-11D3-BF4B-00C04F79EFBC}") = "ContactBook.UWP", "ContactBook.UWP\ContactBook.UWP.csproj", "{BF01F473-2130-4762-B478-92C58874C4C9}"
EndProject
Project("{FAE04EC0-301F-11D3-BF4B-00C04F79EFBC}") = "ContactBook.Wasm", "ContactBook.Wasm\ContactBook.Wasm.csproj", "{61C46D0C-BC37-49C1-B60E-90BCEDF7EA87}"
EndProject
Project("{FAE04EC0-301F-11D3-BF4B-00C04F79EFBC}") = "ContactBook.macOS", "ContactBook.macOS\ContactBook.macOS.csproj", "{EB167111-3C50-4EDE-B44D-5DF2A482054B}"
EndProject
Project("{FAE04EC0-301F-11D3-BF4B-00C04F79EFBC}") = "ContactBook.Skia.Wpf.Host", "ContactBook.Skia.Wpf.Host\ContactBook.Skia.Wpf.Host.csproj", "{50C02A4D-85DE-42D9-9F2C-D50A72C672A0}"
EndProject
Project("{FAE04EC0-301F-11D3-BF4B-00C04F79EFBC}") = "ContactBook.Skia.Wpf", "ContactBook.Skia.Wpf\ContactBook.Skia.Wpf.csproj", "{913DF7A7-11F3-4650-B423-92CCDC07E182}"
EndProject
Project("{FAE04EC0-301F-11D3-BF4B-00C04F79EFBC}") = "ContactBook.Skia.Gtk", "ContactBook.Skia.Gtk\ContactBook.Skia.Gtk.csproj", "{3F61DBCC-D206-47C1-BFFF-E992D2FFAFAD}"
EndProject
Project("{FAE04EC0-301F-11D3-BF4B-00C04F79EFBC}") = "ContactBook.Skia.Tizen", "ContactBook.Skia.Tizen\ContactBook.Skia.Tizen.csproj", "{2A4FA4C4-DA9F-4D6F-AFED-5356497723BC}"
EndProject
Global
	GlobalSection(SolutionConfigurationPlatforms) = preSolution
		Ad-Hoc|Any CPU = Ad-Hoc|Any CPU
		Ad-Hoc|ARM = Ad-Hoc|ARM
		Ad-Hoc|ARM64 = Ad-Hoc|ARM64
		Ad-Hoc|iPhone = Ad-Hoc|iPhone
		Ad-Hoc|iPhoneSimulator = Ad-Hoc|iPhoneSimulator
		Ad-Hoc|x64 = Ad-Hoc|x64
		Ad-Hoc|x86 = Ad-Hoc|x86
		AppStore|Any CPU = AppStore|Any CPU
		AppStore|ARM = AppStore|ARM
		AppStore|ARM64 = AppStore|ARM64
		AppStore|iPhone = AppStore|iPhone
		AppStore|iPhoneSimulator = AppStore|iPhoneSimulator
		AppStore|x64 = AppStore|x64
		AppStore|x86 = AppStore|x86
		Debug|Any CPU = Debug|Any CPU
		Debug|ARM = Debug|ARM
		Debug|ARM64 = Debug|ARM64
		Debug|iPhone = Debug|iPhone
		Debug|iPhoneSimulator = Debug|iPhoneSimulator
		Debug|x64 = Debug|x64
		Debug|x86 = Debug|x86
		Release|Any CPU = Release|Any CPU
		Release|ARM = Release|ARM
		Release|ARM64 = Release|ARM64
		Release|iPhone = Release|iPhone
		Release|iPhoneSimulator = Release|iPhoneSimulator
		Release|x64 = Release|x64
		Release|x86 = Release|x86
	EndGlobalSection
	GlobalSection(ProjectConfigurationPlatforms) = postSolution
		{92131ABE-E0A6-4CD6-BBC3-71CA8FDAE118}.Ad-Hoc|Any CPU.ActiveCfg = Debug|Any CPU
		{92131ABE-E0A6-4CD6-BBC3-71CA8FDAE118}.Ad-Hoc|Any CPU.Build.0 = Debug|Any CPU
		{92131ABE-E0A6-4CD6-BBC3-71CA8FDAE118}.Ad-Hoc|Any CPU.Deploy.0 = Debug|Any CPU
		{92131ABE-E0A6-4CD6-BBC3-71CA8FDAE118}.Ad-Hoc|ARM.ActiveCfg = Debug|Any CPU
		{92131ABE-E0A6-4CD6-BBC3-71CA8FDAE118}.Ad-Hoc|ARM.Build.0 = Debug|Any CPU
		{92131ABE-E0A6-4CD6-BBC3-71CA8FDAE118}.Ad-Hoc|ARM.Deploy.0 = Debug|Any CPU
		{92131ABE-E0A6-4CD6-BBC3-71CA8FDAE118}.Ad-Hoc|ARM64.ActiveCfg = Debug|Any CPU
		{92131ABE-E0A6-4CD6-BBC3-71CA8FDAE118}.Ad-Hoc|ARM64.Build.0 = Debug|Any CPU
		{92131ABE-E0A6-4CD6-BBC3-71CA8FDAE118}.Ad-Hoc|ARM64.Deploy.0 = Debug|Any CPU
		{92131ABE-E0A6-4CD6-BBC3-71CA8FDAE118}.Ad-Hoc|iPhone.ActiveCfg = Debug|Any CPU
		{92131ABE-E0A6-4CD6-BBC3-71CA8FDAE118}.Ad-Hoc|iPhone.Build.0 = Debug|Any CPU
		{92131ABE-E0A6-4CD6-BBC3-71CA8FDAE118}.Ad-Hoc|iPhone.Deploy.0 = Debug|Any CPU
		{92131ABE-E0A6-4CD6-BBC3-71CA8FDAE118}.Ad-Hoc|iPhoneSimulator.ActiveCfg = Debug|Any CPU
		{92131ABE-E0A6-4CD6-BBC3-71CA8FDAE118}.Ad-Hoc|iPhoneSimulator.Build.0 = Debug|Any CPU
		{92131ABE-E0A6-4CD6-BBC3-71CA8FDAE118}.Ad-Hoc|iPhoneSimulator.Deploy.0 = Debug|Any CPU
		{92131ABE-E0A6-4CD6-BBC3-71CA8FDAE118}.Ad-Hoc|x64.ActiveCfg = Debug|Any CPU
		{92131ABE-E0A6-4CD6-BBC3-71CA8FDAE118}.Ad-Hoc|x64.Build.0 = Debug|Any CPU
		{92131ABE-E0A6-4CD6-BBC3-71CA8FDAE118}.Ad-Hoc|x64.Deploy.0 = Debug|Any CPU
		{92131ABE-E0A6-4CD6-BBC3-71CA8FDAE118}.Ad-Hoc|x86.ActiveCfg = Debug|Any CPU
		{92131ABE-E0A6-4CD6-BBC3-71CA8FDAE118}.Ad-Hoc|x86.Build.0 = Debug|Any CPU
		{92131ABE-E0A6-4CD6-BBC3-71CA8FDAE118}.Ad-Hoc|x86.Deploy.0 = Debug|Any CPU
		{92131ABE-E0A6-4CD6-BBC3-71CA8FDAE118}.AppStore|Any CPU.ActiveCfg = Debug|Any CPU
		{92131ABE-E0A6-4CD6-BBC3-71CA8FDAE118}.AppStore|Any CPU.Build.0 = Debug|Any CPU
		{92131ABE-E0A6-4CD6-BBC3-71CA8FDAE118}.AppStore|Any CPU.Deploy.0 = Debug|Any CPU
		{92131ABE-E0A6-4CD6-BBC3-71CA8FDAE118}.AppStore|ARM.ActiveCfg = Debug|Any CPU
		{92131ABE-E0A6-4CD6-BBC3-71CA8FDAE118}.AppStore|ARM.Build.0 = Debug|Any CPU
		{92131ABE-E0A6-4CD6-BBC3-71CA8FDAE118}.AppStore|ARM.Deploy.0 = Debug|Any CPU
		{92131ABE-E0A6-4CD6-BBC3-71CA8FDAE118}.AppStore|ARM64.ActiveCfg = Debug|Any CPU
		{92131ABE-E0A6-4CD6-BBC3-71CA8FDAE118}.AppStore|ARM64.Build.0 = Debug|Any CPU
		{92131ABE-E0A6-4CD6-BBC3-71CA8FDAE118}.AppStore|ARM64.Deploy.0 = Debug|Any CPU
		{92131ABE-E0A6-4CD6-BBC3-71CA8FDAE118}.AppStore|iPhone.ActiveCfg = Debug|Any CPU
		{92131ABE-E0A6-4CD6-BBC3-71CA8FDAE118}.AppStore|iPhone.Build.0 = Debug|Any CPU
		{92131ABE-E0A6-4CD6-BBC3-71CA8FDAE118}.AppStore|iPhone.Deploy.0 = Debug|Any CPU
		{92131ABE-E0A6-4CD6-BBC3-71CA8FDAE118}.AppStore|iPhoneSimulator.ActiveCfg = Debug|Any CPU
		{92131ABE-E0A6-4CD6-BBC3-71CA8FDAE118}.AppStore|iPhoneSimulator.Build.0 = Debug|Any CPU
		{92131ABE-E0A6-4CD6-BBC3-71CA8FDAE118}.AppStore|iPhoneSimulator.Deploy.0 = Debug|Any CPU
		{92131ABE-E0A6-4CD6-BBC3-71CA8FDAE118}.AppStore|x64.ActiveCfg = Debug|Any CPU
		{92131ABE-E0A6-4CD6-BBC3-71CA8FDAE118}.AppStore|x64.Build.0 = Debug|Any CPU
		{92131ABE-E0A6-4CD6-BBC3-71CA8FDAE118}.AppStore|x64.Deploy.0 = Debug|Any CPU
		{92131ABE-E0A6-4CD6-BBC3-71CA8FDAE118}.AppStore|x86.ActiveCfg = Debug|Any CPU
		{92131ABE-E0A6-4CD6-BBC3-71CA8FDAE118}.AppStore|x86.Build.0 = Debug|Any CPU
		{92131ABE-E0A6-4CD6-BBC3-71CA8FDAE118}.AppStore|x86.Deploy.0 = Debug|Any CPU
		{92131ABE-E0A6-4CD6-BBC3-71CA8FDAE118}.Debug|Any CPU.ActiveCfg = Debug|Any CPU
		{92131ABE-E0A6-4CD6-BBC3-71CA8FDAE118}.Debug|Any CPU.Build.0 = Debug|Any CPU
		{92131ABE-E0A6-4CD6-BBC3-71CA8FDAE118}.Debug|Any CPU.Deploy.0 = Debug|Any CPU
		{92131ABE-E0A6-4CD6-BBC3-71CA8FDAE118}.Debug|ARM.ActiveCfg = Debug|Any CPU
		{92131ABE-E0A6-4CD6-BBC3-71CA8FDAE118}.Debug|ARM.Build.0 = Debug|Any CPU
		{92131ABE-E0A6-4CD6-BBC3-71CA8FDAE118}.Debug|ARM.Deploy.0 = Debug|Any CPU
		{92131ABE-E0A6-4CD6-BBC3-71CA8FDAE118}.Debug|ARM64.ActiveCfg = Debug|Any CPU
		{92131ABE-E0A6-4CD6-BBC3-71CA8FDAE118}.Debug|ARM64.Build.0 = Debug|Any CPU
		{92131ABE-E0A6-4CD6-BBC3-71CA8FDAE118}.Debug|ARM64.Deploy.0 = Debug|Any CPU
		{92131ABE-E0A6-4CD6-BBC3-71CA8FDAE118}.Debug|iPhone.ActiveCfg = Debug|Any CPU
		{92131ABE-E0A6-4CD6-BBC3-71CA8FDAE118}.Debug|iPhone.Build.0 = Debug|Any CPU
		{92131ABE-E0A6-4CD6-BBC3-71CA8FDAE118}.Debug|iPhone.Deploy.0 = Debug|Any CPU
		{92131ABE-E0A6-4CD6-BBC3-71CA8FDAE118}.Debug|iPhoneSimulator.ActiveCfg = Debug|Any CPU
		{92131ABE-E0A6-4CD6-BBC3-71CA8FDAE118}.Debug|iPhoneSimulator.Build.0 = Debug|Any CPU
		{92131ABE-E0A6-4CD6-BBC3-71CA8FDAE118}.Debug|iPhoneSimulator.Deploy.0 = Debug|Any CPU
		{92131ABE-E0A6-4CD6-BBC3-71CA8FDAE118}.Debug|x64.ActiveCfg = Debug|Any CPU
		{92131ABE-E0A6-4CD6-BBC3-71CA8FDAE118}.Debug|x64.Build.0 = Debug|Any CPU
		{92131ABE-E0A6-4CD6-BBC3-71CA8FDAE118}.Debug|x64.Deploy.0 = Debug|Any CPU
		{92131ABE-E0A6-4CD6-BBC3-71CA8FDAE118}.Debug|x86.ActiveCfg = Debug|Any CPU
		{92131ABE-E0A6-4CD6-BBC3-71CA8FDAE118}.Debug|x86.Build.0 = Debug|Any CPU
		{92131ABE-E0A6-4CD6-BBC3-71CA8FDAE118}.Debug|x86.Deploy.0 = Debug|Any CPU
		{92131ABE-E0A6-4CD6-BBC3-71CA8FDAE118}.Release|Any CPU.ActiveCfg = Release|Any CPU
		{92131ABE-E0A6-4CD6-BBC3-71CA8FDAE118}.Release|Any CPU.Build.0 = Release|Any CPU
		{92131ABE-E0A6-4CD6-BBC3-71CA8FDAE118}.Release|Any CPU.Deploy.0 = Release|Any CPU
		{92131ABE-E0A6-4CD6-BBC3-71CA8FDAE118}.Release|ARM.ActiveCfg = Release|Any CPU
		{92131ABE-E0A6-4CD6-BBC3-71CA8FDAE118}.Release|ARM.Build.0 = Release|Any CPU
		{92131ABE-E0A6-4CD6-BBC3-71CA8FDAE118}.Release|ARM.Deploy.0 = Release|Any CPU
		{92131ABE-E0A6-4CD6-BBC3-71CA8FDAE118}.Release|ARM64.ActiveCfg = Release|Any CPU
		{92131ABE-E0A6-4CD6-BBC3-71CA8FDAE118}.Release|ARM64.Build.0 = Release|Any CPU
		{92131ABE-E0A6-4CD6-BBC3-71CA8FDAE118}.Release|ARM64.Deploy.0 = Release|Any CPU
		{92131ABE-E0A6-4CD6-BBC3-71CA8FDAE118}.Release|iPhone.ActiveCfg = Release|Any CPU
		{92131ABE-E0A6-4CD6-BBC3-71CA8FDAE118}.Release|iPhone.Build.0 = Release|Any CPU
		{92131ABE-E0A6-4CD6-BBC3-71CA8FDAE118}.Release|iPhone.Deploy.0 = Release|Any CPU
		{92131ABE-E0A6-4CD6-BBC3-71CA8FDAE118}.Release|iPhoneSimulator.ActiveCfg = Release|Any CPU
		{92131ABE-E0A6-4CD6-BBC3-71CA8FDAE118}.Release|iPhoneSimulator.Build.0 = Release|Any CPU
		{92131ABE-E0A6-4CD6-BBC3-71CA8FDAE118}.Release|iPhoneSimulator.Deploy.0 = Release|Any CPU
		{92131ABE-E0A6-4CD6-BBC3-71CA8FDAE118}.Release|x64.ActiveCfg = Release|Any CPU
		{92131ABE-E0A6-4CD6-BBC3-71CA8FDAE118}.Release|x64.Build.0 = Release|Any CPU
		{92131ABE-E0A6-4CD6-BBC3-71CA8FDAE118}.Release|x64.Deploy.0 = Release|Any CPU
		{92131ABE-E0A6-4CD6-BBC3-71CA8FDAE118}.Release|x86.ActiveCfg = Release|Any CPU
		{92131ABE-E0A6-4CD6-BBC3-71CA8FDAE118}.Release|x86.Build.0 = Release|Any CPU
		{92131ABE-E0A6-4CD6-BBC3-71CA8FDAE118}.Release|x86.Deploy.0 = Release|Any CPU
		{D3858757-62D0-4412-961A-3C82BAD78D15}.Ad-Hoc|Any CPU.ActiveCfg = Ad-Hoc|iPhoneSimulator
		{D3858757-62D0-4412-961A-3C82BAD78D15}.Ad-Hoc|Any CPU.Build.0 = Ad-Hoc|iPhoneSimulator
		{D3858757-62D0-4412-961A-3C82BAD78D15}.Ad-Hoc|ARM.ActiveCfg = Ad-Hoc|iPhoneSimulator
		{D3858757-62D0-4412-961A-3C82BAD78D15}.Ad-Hoc|ARM.Build.0 = Ad-Hoc|iPhoneSimulator
		{D3858757-62D0-4412-961A-3C82BAD78D15}.Ad-Hoc|ARM64.ActiveCfg = Ad-Hoc|iPhoneSimulator
		{D3858757-62D0-4412-961A-3C82BAD78D15}.Ad-Hoc|ARM64.Build.0 = Ad-Hoc|iPhoneSimulator
		{D3858757-62D0-4412-961A-3C82BAD78D15}.Ad-Hoc|iPhone.ActiveCfg = Ad-Hoc|iPhone
		{D3858757-62D0-4412-961A-3C82BAD78D15}.Ad-Hoc|iPhone.Build.0 = Ad-Hoc|iPhone
		{D3858757-62D0-4412-961A-3C82BAD78D15}.Ad-Hoc|iPhoneSimulator.ActiveCfg = Ad-Hoc|iPhoneSimulator
		{D3858757-62D0-4412-961A-3C82BAD78D15}.Ad-Hoc|iPhoneSimulator.Build.0 = Ad-Hoc|iPhoneSimulator
		{D3858757-62D0-4412-961A-3C82BAD78D15}.Ad-Hoc|x64.ActiveCfg = Ad-Hoc|iPhoneSimulator
		{D3858757-62D0-4412-961A-3C82BAD78D15}.Ad-Hoc|x64.Build.0 = Ad-Hoc|iPhoneSimulator
		{D3858757-62D0-4412-961A-3C82BAD78D15}.Ad-Hoc|x86.ActiveCfg = Ad-Hoc|iPhoneSimulator
		{D3858757-62D0-4412-961A-3C82BAD78D15}.Ad-Hoc|x86.Build.0 = Ad-Hoc|iPhoneSimulator
		{D3858757-62D0-4412-961A-3C82BAD78D15}.AppStore|Any CPU.ActiveCfg = AppStore|iPhoneSimulator
		{D3858757-62D0-4412-961A-3C82BAD78D15}.AppStore|Any CPU.Build.0 = AppStore|iPhoneSimulator
		{D3858757-62D0-4412-961A-3C82BAD78D15}.AppStore|ARM.ActiveCfg = AppStore|iPhoneSimulator
		{D3858757-62D0-4412-961A-3C82BAD78D15}.AppStore|ARM.Build.0 = AppStore|iPhoneSimulator
		{D3858757-62D0-4412-961A-3C82BAD78D15}.AppStore|ARM64.ActiveCfg = AppStore|iPhoneSimulator
		{D3858757-62D0-4412-961A-3C82BAD78D15}.AppStore|ARM64.Build.0 = AppStore|iPhoneSimulator
		{D3858757-62D0-4412-961A-3C82BAD78D15}.AppStore|iPhone.ActiveCfg = AppStore|iPhone
		{D3858757-62D0-4412-961A-3C82BAD78D15}.AppStore|iPhone.Build.0 = AppStore|iPhone
		{D3858757-62D0-4412-961A-3C82BAD78D15}.AppStore|iPhoneSimulator.ActiveCfg = AppStore|iPhoneSimulator
		{D3858757-62D0-4412-961A-3C82BAD78D15}.AppStore|iPhoneSimulator.Build.0 = AppStore|iPhoneSimulator
		{D3858757-62D0-4412-961A-3C82BAD78D15}.AppStore|x64.ActiveCfg = AppStore|iPhoneSimulator
		{D3858757-62D0-4412-961A-3C82BAD78D15}.AppStore|x64.Build.0 = AppStore|iPhoneSimulator
		{D3858757-62D0-4412-961A-3C82BAD78D15}.AppStore|x86.ActiveCfg = AppStore|iPhoneSimulator
		{D3858757-62D0-4412-961A-3C82BAD78D15}.AppStore|x86.Build.0 = AppStore|iPhoneSimulator
		{D3858757-62D0-4412-961A-3C82BAD78D15}.Debug|Any CPU.ActiveCfg = Debug|iPhoneSimulator
		{D3858757-62D0-4412-961A-3C82BAD78D15}.Debug|Any CPU.Build.0 = Debug|iPhoneSimulator
		{D3858757-62D0-4412-961A-3C82BAD78D15}.Debug|ARM.ActiveCfg = Debug|iPhoneSimulator
		{D3858757-62D0-4412-961A-3C82BAD78D15}.Debug|ARM.Build.0 = Debug|iPhoneSimulator
		{D3858757-62D0-4412-961A-3C82BAD78D15}.Debug|ARM64.ActiveCfg = Debug|iPhoneSimulator
		{D3858757-62D0-4412-961A-3C82BAD78D15}.Debug|ARM64.Build.0 = Debug|iPhoneSimulator
		{D3858757-62D0-4412-961A-3C82BAD78D15}.Debug|iPhone.ActiveCfg = Debug|iPhone
		{D3858757-62D0-4412-961A-3C82BAD78D15}.Debug|iPhone.Build.0 = Debug|iPhone
		{D3858757-62D0-4412-961A-3C82BAD78D15}.Debug|iPhone.Deploy.0 = Debug|iPhone
		{D3858757-62D0-4412-961A-3C82BAD78D15}.Debug|iPhoneSimulator.ActiveCfg = Debug|iPhoneSimulator
		{D3858757-62D0-4412-961A-3C82BAD78D15}.Debug|iPhoneSimulator.Build.0 = Debug|iPhoneSimulator
		{D3858757-62D0-4412-961A-3C82BAD78D15}.Debug|iPhoneSimulator.Deploy.0 = Debug|iPhoneSimulator
		{D3858757-62D0-4412-961A-3C82BAD78D15}.Debug|x64.ActiveCfg = Debug|iPhoneSimulator
		{D3858757-62D0-4412-961A-3C82BAD78D15}.Debug|x64.Build.0 = Debug|iPhoneSimulator
		{D3858757-62D0-4412-961A-3C82BAD78D15}.Debug|x86.ActiveCfg = Debug|iPhoneSimulator
		{D3858757-62D0-4412-961A-3C82BAD78D15}.Debug|x86.Build.0 = Debug|iPhoneSimulator
		{D3858757-62D0-4412-961A-3C82BAD78D15}.Release|Any CPU.ActiveCfg = Release|iPhoneSimulator
		{D3858757-62D0-4412-961A-3C82BAD78D15}.Release|Any CPU.Build.0 = Release|iPhoneSimulator
		{D3858757-62D0-4412-961A-3C82BAD78D15}.Release|ARM.ActiveCfg = Release|iPhoneSimulator
		{D3858757-62D0-4412-961A-3C82BAD78D15}.Release|ARM.Build.0 = Release|iPhoneSimulator
		{D3858757-62D0-4412-961A-3C82BAD78D15}.Release|ARM64.ActiveCfg = Release|iPhoneSimulator
		{D3858757-62D0-4412-961A-3C82BAD78D15}.Release|ARM64.Build.0 = Release|iPhoneSimulator
		{D3858757-62D0-4412-961A-3C82BAD78D15}.Release|iPhone.ActiveCfg = Release|iPhone
		{D3858757-62D0-4412-961A-3C82BAD78D15}.Release|iPhone.Build.0 = Release|iPhone
		{D3858757-62D0-4412-961A-3C82BAD78D15}.Release|iPhoneSimulator.ActiveCfg = Release|iPhoneSimulator
		{D3858757-62D0-4412-961A-3C82BAD78D15}.Release|iPhoneSimulator.Build.0 = Release|iPhoneSimulator
		{D3858757-62D0-4412-961A-3C82BAD78D15}.Release|x64.ActiveCfg = Release|iPhoneSimulator
		{D3858757-62D0-4412-961A-3C82BAD78D15}.Release|x64.Build.0 = Release|iPhoneSimulator
		{D3858757-62D0-4412-961A-3C82BAD78D15}.Release|x86.ActiveCfg = Release|iPhoneSimulator
		{D3858757-62D0-4412-961A-3C82BAD78D15}.Release|x86.Build.0 = Release|iPhoneSimulator
		{BF01F473-2130-4762-B478-92C58874C4C9}.Ad-Hoc|Any CPU.ActiveCfg = Debug|x64
		{BF01F473-2130-4762-B478-92C58874C4C9}.Ad-Hoc|Any CPU.Build.0 = Debug|x64
		{BF01F473-2130-4762-B478-92C58874C4C9}.Ad-Hoc|Any CPU.Deploy.0 = Debug|x64
		{BF01F473-2130-4762-B478-92C58874C4C9}.Ad-Hoc|ARM.ActiveCfg = Debug|ARM
		{BF01F473-2130-4762-B478-92C58874C4C9}.Ad-Hoc|ARM.Build.0 = Debug|ARM
		{BF01F473-2130-4762-B478-92C58874C4C9}.Ad-Hoc|ARM.Deploy.0 = Debug|ARM
		{BF01F473-2130-4762-B478-92C58874C4C9}.Ad-Hoc|ARM64.ActiveCfg = Debug|ARM64
		{BF01F473-2130-4762-B478-92C58874C4C9}.Ad-Hoc|ARM64.Build.0 = Debug|ARM64
		{BF01F473-2130-4762-B478-92C58874C4C9}.Ad-Hoc|ARM64.Deploy.0 = Debug|ARM64
		{BF01F473-2130-4762-B478-92C58874C4C9}.Ad-Hoc|iPhone.ActiveCfg = Debug|x64
		{BF01F473-2130-4762-B478-92C58874C4C9}.Ad-Hoc|iPhone.Build.0 = Debug|x64
		{BF01F473-2130-4762-B478-92C58874C4C9}.Ad-Hoc|iPhone.Deploy.0 = Debug|x64
		{BF01F473-2130-4762-B478-92C58874C4C9}.Ad-Hoc|iPhoneSimulator.ActiveCfg = Debug|x64
		{BF01F473-2130-4762-B478-92C58874C4C9}.Ad-Hoc|iPhoneSimulator.Build.0 = Debug|x64
		{BF01F473-2130-4762-B478-92C58874C4C9}.Ad-Hoc|iPhoneSimulator.Deploy.0 = Debug|x64
		{BF01F473-2130-4762-B478-92C58874C4C9}.Ad-Hoc|x64.ActiveCfg = Debug|x64
		{BF01F473-2130-4762-B478-92C58874C4C9}.Ad-Hoc|x64.Build.0 = Debug|x64
		{BF01F473-2130-4762-B478-92C58874C4C9}.Ad-Hoc|x64.Deploy.0 = Debug|x64
		{BF01F473-2130-4762-B478-92C58874C4C9}.Ad-Hoc|x86.ActiveCfg = Debug|x86
		{BF01F473-2130-4762-B478-92C58874C4C9}.Ad-Hoc|x86.Build.0 = Debug|x86
		{BF01F473-2130-4762-B478-92C58874C4C9}.Ad-Hoc|x86.Deploy.0 = Debug|x86
		{BF01F473-2130-4762-B478-92C58874C4C9}.AppStore|Any CPU.ActiveCfg = Debug|x64
		{BF01F473-2130-4762-B478-92C58874C4C9}.AppStore|Any CPU.Build.0 = Debug|x64
		{BF01F473-2130-4762-B478-92C58874C4C9}.AppStore|Any CPU.Deploy.0 = Debug|x64
		{BF01F473-2130-4762-B478-92C58874C4C9}.AppStore|ARM.ActiveCfg = Debug|ARM
		{BF01F473-2130-4762-B478-92C58874C4C9}.AppStore|ARM.Build.0 = Debug|ARM
		{BF01F473-2130-4762-B478-92C58874C4C9}.AppStore|ARM.Deploy.0 = Debug|ARM
		{BF01F473-2130-4762-B478-92C58874C4C9}.AppStore|ARM64.ActiveCfg = Debug|ARM64
		{BF01F473-2130-4762-B478-92C58874C4C9}.AppStore|ARM64.Build.0 = Debug|ARM64
		{BF01F473-2130-4762-B478-92C58874C4C9}.AppStore|ARM64.Deploy.0 = Debug|ARM64
		{BF01F473-2130-4762-B478-92C58874C4C9}.AppStore|iPhone.ActiveCfg = Debug|x64
		{BF01F473-2130-4762-B478-92C58874C4C9}.AppStore|iPhone.Build.0 = Debug|x64
		{BF01F473-2130-4762-B478-92C58874C4C9}.AppStore|iPhone.Deploy.0 = Debug|x64
		{BF01F473-2130-4762-B478-92C58874C4C9}.AppStore|iPhoneSimulator.ActiveCfg = Debug|x64
		{BF01F473-2130-4762-B478-92C58874C4C9}.AppStore|iPhoneSimulator.Build.0 = Debug|x64
		{BF01F473-2130-4762-B478-92C58874C4C9}.AppStore|iPhoneSimulator.Deploy.0 = Debug|x64
		{BF01F473-2130-4762-B478-92C58874C4C9}.AppStore|x64.ActiveCfg = Debug|x64
		{BF01F473-2130-4762-B478-92C58874C4C9}.AppStore|x64.Build.0 = Debug|x64
		{BF01F473-2130-4762-B478-92C58874C4C9}.AppStore|x64.Deploy.0 = Debug|x64
		{BF01F473-2130-4762-B478-92C58874C4C9}.AppStore|x86.ActiveCfg = Debug|x86
		{BF01F473-2130-4762-B478-92C58874C4C9}.AppStore|x86.Build.0 = Debug|x86
		{BF01F473-2130-4762-B478-92C58874C4C9}.AppStore|x86.Deploy.0 = Debug|x86
		{BF01F473-2130-4762-B478-92C58874C4C9}.Debug|Any CPU.ActiveCfg = Debug|x64
		{BF01F473-2130-4762-B478-92C58874C4C9}.Debug|Any CPU.Build.0 = Debug|x64
		{BF01F473-2130-4762-B478-92C58874C4C9}.Debug|Any CPU.Deploy.0 = Debug|x64
		{BF01F473-2130-4762-B478-92C58874C4C9}.Debug|ARM.ActiveCfg = Debug|ARM
		{BF01F473-2130-4762-B478-92C58874C4C9}.Debug|ARM.Build.0 = Debug|ARM
		{BF01F473-2130-4762-B478-92C58874C4C9}.Debug|ARM.Deploy.0 = Debug|ARM
		{BF01F473-2130-4762-B478-92C58874C4C9}.Debug|ARM64.ActiveCfg = Debug|ARM64
		{BF01F473-2130-4762-B478-92C58874C4C9}.Debug|ARM64.Build.0 = Debug|ARM64
		{BF01F473-2130-4762-B478-92C58874C4C9}.Debug|ARM64.Deploy.0 = Debug|ARM64
		{BF01F473-2130-4762-B478-92C58874C4C9}.Debug|iPhone.ActiveCfg = Debug|x64
		{BF01F473-2130-4762-B478-92C58874C4C9}.Debug|iPhone.Build.0 = Debug|x64
		{BF01F473-2130-4762-B478-92C58874C4C9}.Debug|iPhone.Deploy.0 = Debug|x64
		{BF01F473-2130-4762-B478-92C58874C4C9}.Debug|iPhoneSimulator.ActiveCfg = Debug|x64
		{BF01F473-2130-4762-B478-92C58874C4C9}.Debug|iPhoneSimulator.Build.0 = Debug|x64
		{BF01F473-2130-4762-B478-92C58874C4C9}.Debug|iPhoneSimulator.Deploy.0 = Debug|x64
		{BF01F473-2130-4762-B478-92C58874C4C9}.Debug|x64.ActiveCfg = Debug|x64
		{BF01F473-2130-4762-B478-92C58874C4C9}.Debug|x64.Build.0 = Debug|x64
		{BF01F473-2130-4762-B478-92C58874C4C9}.Debug|x64.Deploy.0 = Debug|x64
		{BF01F473-2130-4762-B478-92C58874C4C9}.Debug|x86.ActiveCfg = Debug|x86
		{BF01F473-2130-4762-B478-92C58874C4C9}.Debug|x86.Build.0 = Debug|x86
		{BF01F473-2130-4762-B478-92C58874C4C9}.Debug|x86.Deploy.0 = Debug|x86
		{BF01F473-2130-4762-B478-92C58874C4C9}.Release|Any CPU.ActiveCfg = Release|x64
		{BF01F473-2130-4762-B478-92C58874C4C9}.Release|Any CPU.Build.0 = Release|x64
		{BF01F473-2130-4762-B478-92C58874C4C9}.Release|Any CPU.Deploy.0 = Release|x64
		{BF01F473-2130-4762-B478-92C58874C4C9}.Release|ARM.ActiveCfg = Release|ARM
		{BF01F473-2130-4762-B478-92C58874C4C9}.Release|ARM.Build.0 = Release|ARM
		{BF01F473-2130-4762-B478-92C58874C4C9}.Release|ARM.Deploy.0 = Release|ARM
		{BF01F473-2130-4762-B478-92C58874C4C9}.Release|ARM64.ActiveCfg = Release|ARM64
		{BF01F473-2130-4762-B478-92C58874C4C9}.Release|ARM64.Build.0 = Release|ARM64
		{BF01F473-2130-4762-B478-92C58874C4C9}.Release|ARM64.Deploy.0 = Release|ARM64
		{BF01F473-2130-4762-B478-92C58874C4C9}.Release|iPhone.ActiveCfg = Release|x64
		{BF01F473-2130-4762-B478-92C58874C4C9}.Release|iPhone.Build.0 = Release|x64
		{BF01F473-2130-4762-B478-92C58874C4C9}.Release|iPhone.Deploy.0 = Release|x64
		{BF01F473-2130-4762-B478-92C58874C4C9}.Release|iPhoneSimulator.ActiveCfg = Release|x64
		{BF01F473-2130-4762-B478-92C58874C4C9}.Release|iPhoneSimulator.Build.0 = Release|x64
		{BF01F473-2130-4762-B478-92C58874C4C9}.Release|iPhoneSimulator.Deploy.0 = Release|x64
		{BF01F473-2130-4762-B478-92C58874C4C9}.Release|x64.ActiveCfg = Release|x64
		{BF01F473-2130-4762-B478-92C58874C4C9}.Release|x64.Build.0 = Release|x64
		{BF01F473-2130-4762-B478-92C58874C4C9}.Release|x64.Deploy.0 = Release|x64
		{BF01F473-2130-4762-B478-92C58874C4C9}.Release|x86.ActiveCfg = Release|x86
		{BF01F473-2130-4762-B478-92C58874C4C9}.Release|x86.Build.0 = Release|x86
		{BF01F473-2130-4762-B478-92C58874C4C9}.Release|x86.Deploy.0 = Release|x86
		{61C46D0C-BC37-49C1-B60E-90BCEDF7EA87}.Ad-Hoc|Any CPU.ActiveCfg = Debug|Any CPU
		{61C46D0C-BC37-49C1-B60E-90BCEDF7EA87}.Ad-Hoc|Any CPU.Build.0 = Debug|Any CPU
		{61C46D0C-BC37-49C1-B60E-90BCEDF7EA87}.Ad-Hoc|ARM.ActiveCfg = Debug|Any CPU
		{61C46D0C-BC37-49C1-B60E-90BCEDF7EA87}.Ad-Hoc|ARM.Build.0 = Debug|Any CPU
		{61C46D0C-BC37-49C1-B60E-90BCEDF7EA87}.Ad-Hoc|ARM64.ActiveCfg = Debug|Any CPU
		{61C46D0C-BC37-49C1-B60E-90BCEDF7EA87}.Ad-Hoc|ARM64.Build.0 = Debug|Any CPU
		{61C46D0C-BC37-49C1-B60E-90BCEDF7EA87}.Ad-Hoc|iPhone.ActiveCfg = Debug|Any CPU
		{61C46D0C-BC37-49C1-B60E-90BCEDF7EA87}.Ad-Hoc|iPhone.Build.0 = Debug|Any CPU
		{61C46D0C-BC37-49C1-B60E-90BCEDF7EA87}.Ad-Hoc|iPhoneSimulator.ActiveCfg = Debug|Any CPU
		{61C46D0C-BC37-49C1-B60E-90BCEDF7EA87}.Ad-Hoc|iPhoneSimulator.Build.0 = Debug|Any CPU
		{61C46D0C-BC37-49C1-B60E-90BCEDF7EA87}.Ad-Hoc|x64.ActiveCfg = Debug|Any CPU
		{61C46D0C-BC37-49C1-B60E-90BCEDF7EA87}.Ad-Hoc|x64.Build.0 = Debug|Any CPU
		{61C46D0C-BC37-49C1-B60E-90BCEDF7EA87}.Ad-Hoc|x86.ActiveCfg = Debug|Any CPU
		{61C46D0C-BC37-49C1-B60E-90BCEDF7EA87}.Ad-Hoc|x86.Build.0 = Debug|Any CPU
		{61C46D0C-BC37-49C1-B60E-90BCEDF7EA87}.AppStore|Any CPU.ActiveCfg = Debug|Any CPU
		{61C46D0C-BC37-49C1-B60E-90BCEDF7EA87}.AppStore|Any CPU.Build.0 = Debug|Any CPU
		{61C46D0C-BC37-49C1-B60E-90BCEDF7EA87}.AppStore|ARM.ActiveCfg = Debug|Any CPU
		{61C46D0C-BC37-49C1-B60E-90BCEDF7EA87}.AppStore|ARM.Build.0 = Debug|Any CPU
		{61C46D0C-BC37-49C1-B60E-90BCEDF7EA87}.AppStore|ARM64.ActiveCfg = Debug|Any CPU
		{61C46D0C-BC37-49C1-B60E-90BCEDF7EA87}.AppStore|ARM64.Build.0 = Debug|Any CPU
		{61C46D0C-BC37-49C1-B60E-90BCEDF7EA87}.AppStore|iPhone.ActiveCfg = Debug|Any CPU
		{61C46D0C-BC37-49C1-B60E-90BCEDF7EA87}.AppStore|iPhone.Build.0 = Debug|Any CPU
		{61C46D0C-BC37-49C1-B60E-90BCEDF7EA87}.AppStore|iPhoneSimulator.ActiveCfg = Debug|Any CPU
		{61C46D0C-BC37-49C1-B60E-90BCEDF7EA87}.AppStore|iPhoneSimulator.Build.0 = Debug|Any CPU
		{61C46D0C-BC37-49C1-B60E-90BCEDF7EA87}.AppStore|x64.ActiveCfg = Debug|Any CPU
		{61C46D0C-BC37-49C1-B60E-90BCEDF7EA87}.AppStore|x64.Build.0 = Debug|Any CPU
		{61C46D0C-BC37-49C1-B60E-90BCEDF7EA87}.AppStore|x86.ActiveCfg = Debug|Any CPU
		{61C46D0C-BC37-49C1-B60E-90BCEDF7EA87}.AppStore|x86.Build.0 = Debug|Any CPU
		{61C46D0C-BC37-49C1-B60E-90BCEDF7EA87}.Debug|Any CPU.ActiveCfg = Debug|Any CPU
		{61C46D0C-BC37-49C1-B60E-90BCEDF7EA87}.Debug|Any CPU.Build.0 = Debug|Any CPU
		{61C46D0C-BC37-49C1-B60E-90BCEDF7EA87}.Debug|ARM.ActiveCfg = Debug|Any CPU
		{61C46D0C-BC37-49C1-B60E-90BCEDF7EA87}.Debug|ARM.Build.0 = Debug|Any CPU
		{61C46D0C-BC37-49C1-B60E-90BCEDF7EA87}.Debug|ARM64.ActiveCfg = Debug|Any CPU
		{61C46D0C-BC37-49C1-B60E-90BCEDF7EA87}.Debug|ARM64.Build.0 = Debug|Any CPU
		{61C46D0C-BC37-49C1-B60E-90BCEDF7EA87}.Debug|iPhone.ActiveCfg = Debug|Any CPU
		{61C46D0C-BC37-49C1-B60E-90BCEDF7EA87}.Debug|iPhone.Build.0 = Debug|Any CPU
		{61C46D0C-BC37-49C1-B60E-90BCEDF7EA87}.Debug|iPhoneSimulator.ActiveCfg = Debug|Any CPU
		{61C46D0C-BC37-49C1-B60E-90BCEDF7EA87}.Debug|iPhoneSimulator.Build.0 = Debug|Any CPU
		{61C46D0C-BC37-49C1-B60E-90BCEDF7EA87}.Debug|x64.ActiveCfg = Debug|Any CPU
		{61C46D0C-BC37-49C1-B60E-90BCEDF7EA87}.Debug|x64.Build.0 = Debug|Any CPU
		{61C46D0C-BC37-49C1-B60E-90BCEDF7EA87}.Debug|x86.ActiveCfg = Debug|Any CPU
		{61C46D0C-BC37-49C1-B60E-90BCEDF7EA87}.Debug|x86.Build.0 = Debug|Any CPU
		{61C46D0C-BC37-49C1-B60E-90BCEDF7EA87}.Release|Any CPU.ActiveCfg = Release|Any CPU
		{61C46D0C-BC37-49C1-B60E-90BCEDF7EA87}.Release|Any CPU.Build.0 = Release|Any CPU
		{61C46D0C-BC37-49C1-B60E-90BCEDF7EA87}.Release|ARM.ActiveCfg = Release|Any CPU
		{61C46D0C-BC37-49C1-B60E-90BCEDF7EA87}.Release|ARM.Build.0 = Release|Any CPU
		{61C46D0C-BC37-49C1-B60E-90BCEDF7EA87}.Release|ARM64.ActiveCfg = Release|Any CPU
		{61C46D0C-BC37-49C1-B60E-90BCEDF7EA87}.Release|ARM64.Build.0 = Release|Any CPU
		{61C46D0C-BC37-49C1-B60E-90BCEDF7EA87}.Release|iPhone.ActiveCfg = Release|Any CPU
		{61C46D0C-BC37-49C1-B60E-90BCEDF7EA87}.Release|iPhone.Build.0 = Release|Any CPU
		{61C46D0C-BC37-49C1-B60E-90BCEDF7EA87}.Release|iPhoneSimulator.ActiveCfg = Release|Any CPU
		{61C46D0C-BC37-49C1-B60E-90BCEDF7EA87}.Release|iPhoneSimulator.Build.0 = Release|Any CPU
		{61C46D0C-BC37-49C1-B60E-90BCEDF7EA87}.Release|x64.ActiveCfg = Release|Any CPU
		{61C46D0C-BC37-49C1-B60E-90BCEDF7EA87}.Release|x64.Build.0 = Release|Any CPU
		{61C46D0C-BC37-49C1-B60E-90BCEDF7EA87}.Release|x86.ActiveCfg = Release|Any CPU
		{61C46D0C-BC37-49C1-B60E-90BCEDF7EA87}.Release|x86.Build.0 = Release|Any CPU
		{EB167111-3C50-4EDE-B44D-5DF2A482054B}.Ad-Hoc|Any CPU.ActiveCfg = Debug|iPhoneSimulator
		{EB167111-3C50-4EDE-B44D-5DF2A482054B}.Ad-Hoc|Any CPU.Build.0 = Debug|iPhoneSimulator
		{EB167111-3C50-4EDE-B44D-5DF2A482054B}.Ad-Hoc|ARM.ActiveCfg = Debug|iPhoneSimulator
		{EB167111-3C50-4EDE-B44D-5DF2A482054B}.Ad-Hoc|ARM.Build.0 = Debug|iPhoneSimulator
		{EB167111-3C50-4EDE-B44D-5DF2A482054B}.Ad-Hoc|ARM64.ActiveCfg = Debug|iPhoneSimulator
		{EB167111-3C50-4EDE-B44D-5DF2A482054B}.Ad-Hoc|ARM64.Build.0 = Debug|iPhoneSimulator
		{EB167111-3C50-4EDE-B44D-5DF2A482054B}.Ad-Hoc|iPhone.ActiveCfg = Debug|iPhoneSimulator
		{EB167111-3C50-4EDE-B44D-5DF2A482054B}.Ad-Hoc|iPhone.Build.0 = Debug|iPhoneSimulator
		{EB167111-3C50-4EDE-B44D-5DF2A482054B}.Ad-Hoc|iPhoneSimulator.ActiveCfg = Debug|iPhoneSimulator
		{EB167111-3C50-4EDE-B44D-5DF2A482054B}.Ad-Hoc|iPhoneSimulator.Build.0 = Debug|iPhoneSimulator
		{EB167111-3C50-4EDE-B44D-5DF2A482054B}.Ad-Hoc|x64.ActiveCfg = Debug|iPhoneSimulator
		{EB167111-3C50-4EDE-B44D-5DF2A482054B}.Ad-Hoc|x64.Build.0 = Debug|iPhoneSimulator
		{EB167111-3C50-4EDE-B44D-5DF2A482054B}.Ad-Hoc|x86.ActiveCfg = Debug|iPhoneSimulator
		{EB167111-3C50-4EDE-B44D-5DF2A482054B}.Ad-Hoc|x86.Build.0 = Debug|iPhoneSimulator
		{EB167111-3C50-4EDE-B44D-5DF2A482054B}.AppStore|Any CPU.ActiveCfg = Debug|iPhoneSimulator
		{EB167111-3C50-4EDE-B44D-5DF2A482054B}.AppStore|Any CPU.Build.0 = Debug|iPhoneSimulator
		{EB167111-3C50-4EDE-B44D-5DF2A482054B}.AppStore|ARM.ActiveCfg = Debug|iPhoneSimulator
		{EB167111-3C50-4EDE-B44D-5DF2A482054B}.AppStore|ARM.Build.0 = Debug|iPhoneSimulator
		{EB167111-3C50-4EDE-B44D-5DF2A482054B}.AppStore|ARM64.ActiveCfg = Debug|iPhoneSimulator
		{EB167111-3C50-4EDE-B44D-5DF2A482054B}.AppStore|ARM64.Build.0 = Debug|iPhoneSimulator
		{EB167111-3C50-4EDE-B44D-5DF2A482054B}.AppStore|iPhone.ActiveCfg = Debug|iPhoneSimulator
		{EB167111-3C50-4EDE-B44D-5DF2A482054B}.AppStore|iPhone.Build.0 = Debug|iPhoneSimulator
		{EB167111-3C50-4EDE-B44D-5DF2A482054B}.AppStore|iPhoneSimulator.ActiveCfg = Debug|iPhoneSimulator
		{EB167111-3C50-4EDE-B44D-5DF2A482054B}.AppStore|iPhoneSimulator.Build.0 = Debug|iPhoneSimulator
		{EB167111-3C50-4EDE-B44D-5DF2A482054B}.AppStore|x64.ActiveCfg = Debug|iPhoneSimulator
		{EB167111-3C50-4EDE-B44D-5DF2A482054B}.AppStore|x64.Build.0 = Debug|iPhoneSimulator
		{EB167111-3C50-4EDE-B44D-5DF2A482054B}.AppStore|x86.ActiveCfg = Debug|iPhoneSimulator
		{EB167111-3C50-4EDE-B44D-5DF2A482054B}.AppStore|x86.Build.0 = Debug|iPhoneSimulator
		{EB167111-3C50-4EDE-B44D-5DF2A482054B}.Debug|Any CPU.ActiveCfg = Debug|iPhoneSimulator
		{EB167111-3C50-4EDE-B44D-5DF2A482054B}.Debug|Any CPU.Build.0 = Debug|iPhoneSimulator
		{EB167111-3C50-4EDE-B44D-5DF2A482054B}.Debug|ARM.ActiveCfg = Debug|iPhoneSimulator
		{EB167111-3C50-4EDE-B44D-5DF2A482054B}.Debug|ARM.Build.0 = Debug|iPhoneSimulator
		{EB167111-3C50-4EDE-B44D-5DF2A482054B}.Debug|ARM64.ActiveCfg = Debug|iPhoneSimulator
		{EB167111-3C50-4EDE-B44D-5DF2A482054B}.Debug|ARM64.Build.0 = Debug|iPhoneSimulator
		{EB167111-3C50-4EDE-B44D-5DF2A482054B}.Debug|iPhone.ActiveCfg = Debug|iPhoneSimulator
		{EB167111-3C50-4EDE-B44D-5DF2A482054B}.Debug|iPhone.Build.0 = Debug|iPhoneSimulator
		{EB167111-3C50-4EDE-B44D-5DF2A482054B}.Debug|iPhoneSimulator.ActiveCfg = Debug|iPhoneSimulator
		{EB167111-3C50-4EDE-B44D-5DF2A482054B}.Debug|iPhoneSimulator.Build.0 = Debug|iPhoneSimulator
		{EB167111-3C50-4EDE-B44D-5DF2A482054B}.Debug|x64.ActiveCfg = Debug|iPhoneSimulator
		{EB167111-3C50-4EDE-B44D-5DF2A482054B}.Debug|x64.Build.0 = Debug|iPhoneSimulator
		{EB167111-3C50-4EDE-B44D-5DF2A482054B}.Debug|x86.ActiveCfg = Debug|iPhoneSimulator
		{EB167111-3C50-4EDE-B44D-5DF2A482054B}.Debug|x86.Build.0 = Debug|iPhoneSimulator
		{EB167111-3C50-4EDE-B44D-5DF2A482054B}.Release|Any CPU.ActiveCfg = Release|iPhoneSimulator
		{EB167111-3C50-4EDE-B44D-5DF2A482054B}.Release|Any CPU.Build.0 = Release|iPhoneSimulator
		{EB167111-3C50-4EDE-B44D-5DF2A482054B}.Release|ARM.ActiveCfg = Release|iPhoneSimulator
		{EB167111-3C50-4EDE-B44D-5DF2A482054B}.Release|ARM.Build.0 = Release|iPhoneSimulator
		{EB167111-3C50-4EDE-B44D-5DF2A482054B}.Release|ARM64.ActiveCfg = Release|iPhoneSimulator
		{EB167111-3C50-4EDE-B44D-5DF2A482054B}.Release|ARM64.Build.0 = Release|iPhoneSimulator
		{EB167111-3C50-4EDE-B44D-5DF2A482054B}.Release|iPhone.ActiveCfg = Release|iPhoneSimulator
		{EB167111-3C50-4EDE-B44D-5DF2A482054B}.Release|iPhone.Build.0 = Release|iPhoneSimulator
		{EB167111-3C50-4EDE-B44D-5DF2A482054B}.Release|iPhoneSimulator.ActiveCfg = Release|iPhoneSimulator
		{EB167111-3C50-4EDE-B44D-5DF2A482054B}.Release|iPhoneSimulator.Build.0 = Release|iPhoneSimulator
		{EB167111-3C50-4EDE-B44D-5DF2A482054B}.Release|x64.ActiveCfg = Release|iPhoneSimulator
		{EB167111-3C50-4EDE-B44D-5DF2A482054B}.Release|x64.Build.0 = Release|iPhoneSimulator
		{EB167111-3C50-4EDE-B44D-5DF2A482054B}.Release|x86.ActiveCfg = Release|iPhoneSimulator
		{EB167111-3C50-4EDE-B44D-5DF2A482054B}.Release|x86.Build.0 = Release|iPhoneSimulator
		{50C02A4D-85DE-42D9-9F2C-D50A72C672A0}.Ad-Hoc|Any CPU.ActiveCfg = Debug|Any CPU
		{50C02A4D-85DE-42D9-9F2C-D50A72C672A0}.Ad-Hoc|Any CPU.Build.0 = Debug|Any CPU
		{50C02A4D-85DE-42D9-9F2C-D50A72C672A0}.Ad-Hoc|ARM.ActiveCfg = Debug|Any CPU
		{50C02A4D-85DE-42D9-9F2C-D50A72C672A0}.Ad-Hoc|ARM.Build.0 = Debug|Any CPU
		{50C02A4D-85DE-42D9-9F2C-D50A72C672A0}.Ad-Hoc|ARM64.ActiveCfg = Debug|Any CPU
		{50C02A4D-85DE-42D9-9F2C-D50A72C672A0}.Ad-Hoc|ARM64.Build.0 = Debug|Any CPU
		{50C02A4D-85DE-42D9-9F2C-D50A72C672A0}.Ad-Hoc|iPhone.ActiveCfg = Debug|Any CPU
		{50C02A4D-85DE-42D9-9F2C-D50A72C672A0}.Ad-Hoc|iPhone.Build.0 = Debug|Any CPU
		{50C02A4D-85DE-42D9-9F2C-D50A72C672A0}.Ad-Hoc|iPhoneSimulator.ActiveCfg = Debug|Any CPU
		{50C02A4D-85DE-42D9-9F2C-D50A72C672A0}.Ad-Hoc|iPhoneSimulator.Build.0 = Debug|Any CPU
		{50C02A4D-85DE-42D9-9F2C-D50A72C672A0}.Ad-Hoc|x64.ActiveCfg = Debug|Any CPU
		{50C02A4D-85DE-42D9-9F2C-D50A72C672A0}.Ad-Hoc|x64.Build.0 = Debug|Any CPU
		{50C02A4D-85DE-42D9-9F2C-D50A72C672A0}.Ad-Hoc|x86.ActiveCfg = Debug|Any CPU
		{50C02A4D-85DE-42D9-9F2C-D50A72C672A0}.Ad-Hoc|x86.Build.0 = Debug|Any CPU
		{50C02A4D-85DE-42D9-9F2C-D50A72C672A0}.AppStore|Any CPU.ActiveCfg = Debug|Any CPU
		{50C02A4D-85DE-42D9-9F2C-D50A72C672A0}.AppStore|Any CPU.Build.0 = Debug|Any CPU
		{50C02A4D-85DE-42D9-9F2C-D50A72C672A0}.AppStore|ARM.ActiveCfg = Debug|Any CPU
		{50C02A4D-85DE-42D9-9F2C-D50A72C672A0}.AppStore|ARM.Build.0 = Debug|Any CPU
		{50C02A4D-85DE-42D9-9F2C-D50A72C672A0}.AppStore|ARM64.ActiveCfg = Debug|Any CPU
		{50C02A4D-85DE-42D9-9F2C-D50A72C672A0}.AppStore|ARM64.Build.0 = Debug|Any CPU
		{50C02A4D-85DE-42D9-9F2C-D50A72C672A0}.AppStore|iPhone.ActiveCfg = Debug|Any CPU
		{50C02A4D-85DE-42D9-9F2C-D50A72C672A0}.AppStore|iPhone.Build.0 = Debug|Any CPU
		{50C02A4D-85DE-42D9-9F2C-D50A72C672A0}.AppStore|iPhoneSimulator.ActiveCfg = Debug|Any CPU
		{50C02A4D-85DE-42D9-9F2C-D50A72C672A0}.AppStore|iPhoneSimulator.Build.0 = Debug|Any CPU
		{50C02A4D-85DE-42D9-9F2C-D50A72C672A0}.AppStore|x64.ActiveCfg = Debug|Any CPU
		{50C02A4D-85DE-42D9-9F2C-D50A72C672A0}.AppStore|x64.Build.0 = Debug|Any CPU
		{50C02A4D-85DE-42D9-9F2C-D50A72C672A0}.AppStore|x86.ActiveCfg = Debug|Any CPU
		{50C02A4D-85DE-42D9-9F2C-D50A72C672A0}.AppStore|x86.Build.0 = Debug|Any CPU
		{50C02A4D-85DE-42D9-9F2C-D50A72C672A0}.Debug|Any CPU.ActiveCfg = Debug|Any CPU
		{50C02A4D-85DE-42D9-9F2C-D50A72C672A0}.Debug|Any CPU.Build.0 = Debug|Any CPU
		{50C02A4D-85DE-42D9-9F2C-D50A72C672A0}.Debug|ARM.ActiveCfg = Debug|Any CPU
		{50C02A4D-85DE-42D9-9F2C-D50A72C672A0}.Debug|ARM.Build.0 = Debug|Any CPU
		{50C02A4D-85DE-42D9-9F2C-D50A72C672A0}.Debug|ARM64.ActiveCfg = Debug|Any CPU
		{50C02A4D-85DE-42D9-9F2C-D50A72C672A0}.Debug|ARM64.Build.0 = Debug|Any CPU
		{50C02A4D-85DE-42D9-9F2C-D50A72C672A0}.Debug|iPhone.ActiveCfg = Debug|Any CPU
		{50C02A4D-85DE-42D9-9F2C-D50A72C672A0}.Debug|iPhone.Build.0 = Debug|Any CPU
		{50C02A4D-85DE-42D9-9F2C-D50A72C672A0}.Debug|iPhoneSimulator.ActiveCfg = Debug|Any CPU
		{50C02A4D-85DE-42D9-9F2C-D50A72C672A0}.Debug|iPhoneSimulator.Build.0 = Debug|Any CPU
		{50C02A4D-85DE-42D9-9F2C-D50A72C672A0}.Debug|x64.ActiveCfg = Debug|Any CPU
		{50C02A4D-85DE-42D9-9F2C-D50A72C672A0}.Debug|x64.Build.0 = Debug|Any CPU
		{50C02A4D-85DE-42D9-9F2C-D50A72C672A0}.Debug|x86.ActiveCfg = Debug|Any CPU
		{50C02A4D-85DE-42D9-9F2C-D50A72C672A0}.Debug|x86.Build.0 = Debug|Any CPU
		{50C02A4D-85DE-42D9-9F2C-D50A72C672A0}.Release|Any CPU.ActiveCfg = Release|Any CPU
		{50C02A4D-85DE-42D9-9F2C-D50A72C672A0}.Release|Any CPU.Build.0 = Release|Any CPU
		{50C02A4D-85DE-42D9-9F2C-D50A72C672A0}.Release|ARM.ActiveCfg = Release|Any CPU
		{50C02A4D-85DE-42D9-9F2C-D50A72C672A0}.Release|ARM.Build.0 = Release|Any CPU
		{50C02A4D-85DE-42D9-9F2C-D50A72C672A0}.Release|ARM64.ActiveCfg = Release|Any CPU
		{50C02A4D-85DE-42D9-9F2C-D50A72C672A0}.Release|ARM64.Build.0 = Release|Any CPU
		{50C02A4D-85DE-42D9-9F2C-D50A72C672A0}.Release|iPhone.ActiveCfg = Release|Any CPU
		{50C02A4D-85DE-42D9-9F2C-D50A72C672A0}.Release|iPhone.Build.0 = Release|Any CPU
		{50C02A4D-85DE-42D9-9F2C-D50A72C672A0}.Release|iPhoneSimulator.ActiveCfg = Release|Any CPU
		{50C02A4D-85DE-42D9-9F2C-D50A72C672A0}.Release|iPhoneSimulator.Build.0 = Release|Any CPU
		{50C02A4D-85DE-42D9-9F2C-D50A72C672A0}.Release|x64.ActiveCfg = Release|Any CPU
		{50C02A4D-85DE-42D9-9F2C-D50A72C672A0}.Release|x64.Build.0 = Release|Any CPU
		{50C02A4D-85DE-42D9-9F2C-D50A72C672A0}.Release|x86.ActiveCfg = Release|Any CPU
		{50C02A4D-85DE-42D9-9F2C-D50A72C672A0}.Release|x86.Build.0 = Release|Any CPU
		{913DF7A7-11F3-4650-B423-92CCDC07E182}.Ad-Hoc|Any CPU.ActiveCfg = Debug|Any CPU
		{913DF7A7-11F3-4650-B423-92CCDC07E182}.Ad-Hoc|Any CPU.Build.0 = Debug|Any CPU
		{913DF7A7-11F3-4650-B423-92CCDC07E182}.Ad-Hoc|ARM.ActiveCfg = Debug|Any CPU
		{913DF7A7-11F3-4650-B423-92CCDC07E182}.Ad-Hoc|ARM.Build.0 = Debug|Any CPU
		{913DF7A7-11F3-4650-B423-92CCDC07E182}.Ad-Hoc|ARM64.ActiveCfg = Debug|Any CPU
		{913DF7A7-11F3-4650-B423-92CCDC07E182}.Ad-Hoc|ARM64.Build.0 = Debug|Any CPU
		{913DF7A7-11F3-4650-B423-92CCDC07E182}.Ad-Hoc|iPhone.ActiveCfg = Debug|Any CPU
		{913DF7A7-11F3-4650-B423-92CCDC07E182}.Ad-Hoc|iPhone.Build.0 = Debug|Any CPU
		{913DF7A7-11F3-4650-B423-92CCDC07E182}.Ad-Hoc|iPhoneSimulator.ActiveCfg = Debug|Any CPU
		{913DF7A7-11F3-4650-B423-92CCDC07E182}.Ad-Hoc|iPhoneSimulator.Build.0 = Debug|Any CPU
		{913DF7A7-11F3-4650-B423-92CCDC07E182}.Ad-Hoc|x64.ActiveCfg = Debug|Any CPU
		{913DF7A7-11F3-4650-B423-92CCDC07E182}.Ad-Hoc|x64.Build.0 = Debug|Any CPU
		{913DF7A7-11F3-4650-B423-92CCDC07E182}.Ad-Hoc|x86.ActiveCfg = Debug|Any CPU
		{913DF7A7-11F3-4650-B423-92CCDC07E182}.Ad-Hoc|x86.Build.0 = Debug|Any CPU
		{913DF7A7-11F3-4650-B423-92CCDC07E182}.AppStore|Any CPU.ActiveCfg = Debug|Any CPU
		{913DF7A7-11F3-4650-B423-92CCDC07E182}.AppStore|Any CPU.Build.0 = Debug|Any CPU
		{913DF7A7-11F3-4650-B423-92CCDC07E182}.AppStore|ARM.ActiveCfg = Debug|Any CPU
		{913DF7A7-11F3-4650-B423-92CCDC07E182}.AppStore|ARM.Build.0 = Debug|Any CPU
		{913DF7A7-11F3-4650-B423-92CCDC07E182}.AppStore|ARM64.ActiveCfg = Debug|Any CPU
		{913DF7A7-11F3-4650-B423-92CCDC07E182}.AppStore|ARM64.Build.0 = Debug|Any CPU
		{913DF7A7-11F3-4650-B423-92CCDC07E182}.AppStore|iPhone.ActiveCfg = Debug|Any CPU
		{913DF7A7-11F3-4650-B423-92CCDC07E182}.AppStore|iPhone.Build.0 = Debug|Any CPU
		{913DF7A7-11F3-4650-B423-92CCDC07E182}.AppStore|iPhoneSimulator.ActiveCfg = Debug|Any CPU
		{913DF7A7-11F3-4650-B423-92CCDC07E182}.AppStore|iPhoneSimulator.Build.0 = Debug|Any CPU
		{913DF7A7-11F3-4650-B423-92CCDC07E182}.AppStore|x64.ActiveCfg = Debug|Any CPU
		{913DF7A7-11F3-4650-B423-92CCDC07E182}.AppStore|x64.Build.0 = Debug|Any CPU
		{913DF7A7-11F3-4650-B423-92CCDC07E182}.AppStore|x86.ActiveCfg = Debug|Any CPU
		{913DF7A7-11F3-4650-B423-92CCDC07E182}.AppStore|x86.Build.0 = Debug|Any CPU
		{913DF7A7-11F3-4650-B423-92CCDC07E182}.Debug|Any CPU.ActiveCfg = Debug|Any CPU
		{913DF7A7-11F3-4650-B423-92CCDC07E182}.Debug|Any CPU.Build.0 = Debug|Any CPU
		{913DF7A7-11F3-4650-B423-92CCDC07E182}.Debug|ARM.ActiveCfg = Debug|Any CPU
		{913DF7A7-11F3-4650-B423-92CCDC07E182}.Debug|ARM.Build.0 = Debug|Any CPU
		{913DF7A7-11F3-4650-B423-92CCDC07E182}.Debug|ARM64.ActiveCfg = Debug|Any CPU
		{913DF7A7-11F3-4650-B423-92CCDC07E182}.Debug|ARM64.Build.0 = Debug|Any CPU
		{913DF7A7-11F3-4650-B423-92CCDC07E182}.Debug|iPhone.ActiveCfg = Debug|Any CPU
		{913DF7A7-11F3-4650-B423-92CCDC07E182}.Debug|iPhone.Build.0 = Debug|Any CPU
		{913DF7A7-11F3-4650-B423-92CCDC07E182}.Debug|iPhoneSimulator.ActiveCfg = Debug|Any CPU
		{913DF7A7-11F3-4650-B423-92CCDC07E182}.Debug|iPhoneSimulator.Build.0 = Debug|Any CPU
		{913DF7A7-11F3-4650-B423-92CCDC07E182}.Debug|x64.ActiveCfg = Debug|Any CPU
		{913DF7A7-11F3-4650-B423-92CCDC07E182}.Debug|x64.Build.0 = Debug|Any CPU
		{913DF7A7-11F3-4650-B423-92CCDC07E182}.Debug|x86.ActiveCfg = Debug|Any CPU
		{913DF7A7-11F3-4650-B423-92CCDC07E182}.Debug|x86.Build.0 = Debug|Any CPU
		{913DF7A7-11F3-4650-B423-92CCDC07E182}.Release|Any CPU.ActiveCfg = Release|Any CPU
		{913DF7A7-11F3-4650-B423-92CCDC07E182}.Release|Any CPU.Build.0 = Release|Any CPU
		{913DF7A7-11F3-4650-B423-92CCDC07E182}.Release|ARM.ActiveCfg = Release|Any CPU
		{913DF7A7-11F3-4650-B423-92CCDC07E182}.Release|ARM.Build.0 = Release|Any CPU
		{913DF7A7-11F3-4650-B423-92CCDC07E182}.Release|ARM64.ActiveCfg = Release|Any CPU
		{913DF7A7-11F3-4650-B423-92CCDC07E182}.Release|ARM64.Build.0 = Release|Any CPU
		{913DF7A7-11F3-4650-B423-92CCDC07E182}.Release|iPhone.ActiveCfg = Release|Any CPU
		{913DF7A7-11F3-4650-B423-92CCDC07E182}.Release|iPhone.Build.0 = Release|Any CPU
		{913DF7A7-11F3-4650-B423-92CCDC07E182}.Release|iPhoneSimulator.ActiveCfg = Release|Any CPU
		{913DF7A7-11F3-4650-B423-92CCDC07E182}.Release|iPhoneSimulator.Build.0 = Release|Any CPU
		{913DF7A7-11F3-4650-B423-92CCDC07E182}.Release|x64.ActiveCfg = Release|Any CPU
		{913DF7A7-11F3-4650-B423-92CCDC07E182}.Release|x64.Build.0 = Release|Any CPU
		{913DF7A7-11F3-4650-B423-92CCDC07E182}.Release|x86.ActiveCfg = Release|Any CPU
		{913DF7A7-11F3-4650-B423-92CCDC07E182}.Release|x86.Build.0 = Release|Any CPU
		{3F61DBCC-D206-47C1-BFFF-E992D2FFAFAD}.Ad-Hoc|Any CPU.ActiveCfg = Debug|Any CPU
		{3F61DBCC-D206-47C1-BFFF-E992D2FFAFAD}.Ad-Hoc|Any CPU.Build.0 = Debug|Any CPU
		{3F61DBCC-D206-47C1-BFFF-E992D2FFAFAD}.Ad-Hoc|ARM.ActiveCfg = Debug|Any CPU
		{3F61DBCC-D206-47C1-BFFF-E992D2FFAFAD}.Ad-Hoc|ARM.Build.0 = Debug|Any CPU
		{3F61DBCC-D206-47C1-BFFF-E992D2FFAFAD}.Ad-Hoc|ARM64.ActiveCfg = Debug|Any CPU
		{3F61DBCC-D206-47C1-BFFF-E992D2FFAFAD}.Ad-Hoc|ARM64.Build.0 = Debug|Any CPU
		{3F61DBCC-D206-47C1-BFFF-E992D2FFAFAD}.Ad-Hoc|iPhone.ActiveCfg = Debug|Any CPU
		{3F61DBCC-D206-47C1-BFFF-E992D2FFAFAD}.Ad-Hoc|iPhone.Build.0 = Debug|Any CPU
		{3F61DBCC-D206-47C1-BFFF-E992D2FFAFAD}.Ad-Hoc|iPhoneSimulator.ActiveCfg = Debug|Any CPU
		{3F61DBCC-D206-47C1-BFFF-E992D2FFAFAD}.Ad-Hoc|iPhoneSimulator.Build.0 = Debug|Any CPU
		{3F61DBCC-D206-47C1-BFFF-E992D2FFAFAD}.Ad-Hoc|x64.ActiveCfg = Debug|Any CPU
		{3F61DBCC-D206-47C1-BFFF-E992D2FFAFAD}.Ad-Hoc|x64.Build.0 = Debug|Any CPU
		{3F61DBCC-D206-47C1-BFFF-E992D2FFAFAD}.Ad-Hoc|x86.ActiveCfg = Debug|Any CPU
		{3F61DBCC-D206-47C1-BFFF-E992D2FFAFAD}.Ad-Hoc|x86.Build.0 = Debug|Any CPU
		{3F61DBCC-D206-47C1-BFFF-E992D2FFAFAD}.AppStore|Any CPU.ActiveCfg = Debug|Any CPU
		{3F61DBCC-D206-47C1-BFFF-E992D2FFAFAD}.AppStore|Any CPU.Build.0 = Debug|Any CPU
		{3F61DBCC-D206-47C1-BFFF-E992D2FFAFAD}.AppStore|ARM.ActiveCfg = Debug|Any CPU
		{3F61DBCC-D206-47C1-BFFF-E992D2FFAFAD}.AppStore|ARM.Build.0 = Debug|Any CPU
		{3F61DBCC-D206-47C1-BFFF-E992D2FFAFAD}.AppStore|ARM64.ActiveCfg = Debug|Any CPU
		{3F61DBCC-D206-47C1-BFFF-E992D2FFAFAD}.AppStore|ARM64.Build.0 = Debug|Any CPU
		{3F61DBCC-D206-47C1-BFFF-E992D2FFAFAD}.AppStore|iPhone.ActiveCfg = Debug|Any CPU
		{3F61DBCC-D206-47C1-BFFF-E992D2FFAFAD}.AppStore|iPhone.Build.0 = Debug|Any CPU
		{3F61DBCC-D206-47C1-BFFF-E992D2FFAFAD}.AppStore|iPhoneSimulator.ActiveCfg = Debug|Any CPU
		{3F61DBCC-D206-47C1-BFFF-E992D2FFAFAD}.AppStore|iPhoneSimulator.Build.0 = Debug|Any CPU
		{3F61DBCC-D206-47C1-BFFF-E992D2FFAFAD}.AppStore|x64.ActiveCfg = Debug|Any CPU
		{3F61DBCC-D206-47C1-BFFF-E992D2FFAFAD}.AppStore|x64.Build.0 = Debug|Any CPU
		{3F61DBCC-D206-47C1-BFFF-E992D2FFAFAD}.AppStore|x86.ActiveCfg = Debug|Any CPU
		{3F61DBCC-D206-47C1-BFFF-E992D2FFAFAD}.AppStore|x86.Build.0 = Debug|Any CPU
		{3F61DBCC-D206-47C1-BFFF-E992D2FFAFAD}.Debug|Any CPU.ActiveCfg = Debug|Any CPU
		{3F61DBCC-D206-47C1-BFFF-E992D2FFAFAD}.Debug|Any CPU.Build.0 = Debug|Any CPU
		{3F61DBCC-D206-47C1-BFFF-E992D2FFAFAD}.Debug|ARM.ActiveCfg = Debug|Any CPU
		{3F61DBCC-D206-47C1-BFFF-E992D2FFAFAD}.Debug|ARM.Build.0 = Debug|Any CPU
		{3F61DBCC-D206-47C1-BFFF-E992D2FFAFAD}.Debug|ARM64.ActiveCfg = Debug|Any CPU
		{3F61DBCC-D206-47C1-BFFF-E992D2FFAFAD}.Debug|ARM64.Build.0 = Debug|Any CPU
		{3F61DBCC-D206-47C1-BFFF-E992D2FFAFAD}.Debug|iPhone.ActiveCfg = Debug|Any CPU
		{3F61DBCC-D206-47C1-BFFF-E992D2FFAFAD}.Debug|iPhone.Build.0 = Debug|Any CPU
		{3F61DBCC-D206-47C1-BFFF-E992D2FFAFAD}.Debug|iPhoneSimulator.ActiveCfg = Debug|Any CPU
		{3F61DBCC-D206-47C1-BFFF-E992D2FFAFAD}.Debug|iPhoneSimulator.Build.0 = Debug|Any CPU
		{3F61DBCC-D206-47C1-BFFF-E992D2FFAFAD}.Debug|x64.ActiveCfg = Debug|Any CPU
		{3F61DBCC-D206-47C1-BFFF-E992D2FFAFAD}.Debug|x64.Build.0 = Debug|Any CPU
		{3F61DBCC-D206-47C1-BFFF-E992D2FFAFAD}.Debug|x86.ActiveCfg = Debug|Any CPU
		{3F61DBCC-D206-47C1-BFFF-E992D2FFAFAD}.Debug|x86.Build.0 = Debug|Any CPU
		{3F61DBCC-D206-47C1-BFFF-E992D2FFAFAD}.Release|Any CPU.ActiveCfg = Release|Any CPU
		{3F61DBCC-D206-47C1-BFFF-E992D2FFAFAD}.Release|Any CPU.Build.0 = Release|Any CPU
		{3F61DBCC-D206-47C1-BFFF-E992D2FFAFAD}.Release|ARM.ActiveCfg = Release|Any CPU
		{3F61DBCC-D206-47C1-BFFF-E992D2FFAFAD}.Release|ARM.Build.0 = Release|Any CPU
		{3F61DBCC-D206-47C1-BFFF-E992D2FFAFAD}.Release|ARM64.ActiveCfg = Release|Any CPU
		{3F61DBCC-D206-47C1-BFFF-E992D2FFAFAD}.Release|ARM64.Build.0 = Release|Any CPU
		{3F61DBCC-D206-47C1-BFFF-E992D2FFAFAD}.Release|iPhone.ActiveCfg = Release|Any CPU
		{3F61DBCC-D206-47C1-BFFF-E992D2FFAFAD}.Release|iPhone.Build.0 = Release|Any CPU
		{3F61DBCC-D206-47C1-BFFF-E992D2FFAFAD}.Release|iPhoneSimulator.ActiveCfg = Release|Any CPU
		{3F61DBCC-D206-47C1-BFFF-E992D2FFAFAD}.Release|iPhoneSimulator.Build.0 = Release|Any CPU
		{3F61DBCC-D206-47C1-BFFF-E992D2FFAFAD}.Release|x64.ActiveCfg = Release|Any CPU
		{3F61DBCC-D206-47C1-BFFF-E992D2FFAFAD}.Release|x64.Build.0 = Release|Any CPU
		{3F61DBCC-D206-47C1-BFFF-E992D2FFAFAD}.Release|x86.ActiveCfg = Release|Any CPU
		{3F61DBCC-D206-47C1-BFFF-E992D2FFAFAD}.Release|x86.Build.0 = Release|Any CPU
		{2A4FA4C4-DA9F-4D6F-AFED-5356497723BC}.Ad-Hoc|Any CPU.ActiveCfg = Debug|Any CPU
		{2A4FA4C4-DA9F-4D6F-AFED-5356497723BC}.Ad-Hoc|Any CPU.Build.0 = Debug|Any CPU
		{2A4FA4C4-DA9F-4D6F-AFED-5356497723BC}.Ad-Hoc|ARM.ActiveCfg = Debug|Any CPU
		{2A4FA4C4-DA9F-4D6F-AFED-5356497723BC}.Ad-Hoc|ARM.Build.0 = Debug|Any CPU
		{2A4FA4C4-DA9F-4D6F-AFED-5356497723BC}.Ad-Hoc|ARM64.ActiveCfg = Debug|Any CPU
		{2A4FA4C4-DA9F-4D6F-AFED-5356497723BC}.Ad-Hoc|ARM64.Build.0 = Debug|Any CPU
		{2A4FA4C4-DA9F-4D6F-AFED-5356497723BC}.Ad-Hoc|iPhone.ActiveCfg = Debug|Any CPU
		{2A4FA4C4-DA9F-4D6F-AFED-5356497723BC}.Ad-Hoc|iPhone.Build.0 = Debug|Any CPU
		{2A4FA4C4-DA9F-4D6F-AFED-5356497723BC}.Ad-Hoc|iPhoneSimulator.ActiveCfg = Debug|Any CPU
		{2A4FA4C4-DA9F-4D6F-AFED-5356497723BC}.Ad-Hoc|iPhoneSimulator.Build.0 = Debug|Any CPU
		{2A4FA4C4-DA9F-4D6F-AFED-5356497723BC}.Ad-Hoc|x64.ActiveCfg = Debug|Any CPU
		{2A4FA4C4-DA9F-4D6F-AFED-5356497723BC}.Ad-Hoc|x64.Build.0 = Debug|Any CPU
		{2A4FA4C4-DA9F-4D6F-AFED-5356497723BC}.Ad-Hoc|x86.ActiveCfg = Debug|Any CPU
		{2A4FA4C4-DA9F-4D6F-AFED-5356497723BC}.Ad-Hoc|x86.Build.0 = Debug|Any CPU
		{2A4FA4C4-DA9F-4D6F-AFED-5356497723BC}.AppStore|Any CPU.ActiveCfg = Debug|Any CPU
		{2A4FA4C4-DA9F-4D6F-AFED-5356497723BC}.AppStore|Any CPU.Build.0 = Debug|Any CPU
		{2A4FA4C4-DA9F-4D6F-AFED-5356497723BC}.AppStore|ARM.ActiveCfg = Debug|Any CPU
		{2A4FA4C4-DA9F-4D6F-AFED-5356497723BC}.AppStore|ARM.Build.0 = Debug|Any CPU
		{2A4FA4C4-DA9F-4D6F-AFED-5356497723BC}.AppStore|ARM64.ActiveCfg = Debug|Any CPU
		{2A4FA4C4-DA9F-4D6F-AFED-5356497723BC}.AppStore|ARM64.Build.0 = Debug|Any CPU
		{2A4FA4C4-DA9F-4D6F-AFED-5356497723BC}.AppStore|iPhone.ActiveCfg = Debug|Any CPU
		{2A4FA4C4-DA9F-4D6F-AFED-5356497723BC}.AppStore|iPhone.Build.0 = Debug|Any CPU
		{2A4FA4C4-DA9F-4D6F-AFED-5356497723BC}.AppStore|iPhoneSimulator.ActiveCfg = Debug|Any CPU
		{2A4FA4C4-DA9F-4D6F-AFED-5356497723BC}.AppStore|iPhoneSimulator.Build.0 = Debug|Any CPU
		{2A4FA4C4-DA9F-4D6F-AFED-5356497723BC}.AppStore|x64.ActiveCfg = Debug|Any CPU
		{2A4FA4C4-DA9F-4D6F-AFED-5356497723BC}.AppStore|x64.Build.0 = Debug|Any CPU
		{2A4FA4C4-DA9F-4D6F-AFED-5356497723BC}.AppStore|x86.ActiveCfg = Debug|Any CPU
		{2A4FA4C4-DA9F-4D6F-AFED-5356497723BC}.AppStore|x86.Build.0 = Debug|Any CPU
		{2A4FA4C4-DA9F-4D6F-AFED-5356497723BC}.Debug|Any CPU.ActiveCfg = Debug|Any CPU
		{2A4FA4C4-DA9F-4D6F-AFED-5356497723BC}.Debug|Any CPU.Build.0 = Debug|Any CPU
		{2A4FA4C4-DA9F-4D6F-AFED-5356497723BC}.Debug|ARM.ActiveCfg = Debug|Any CPU
		{2A4FA4C4-DA9F-4D6F-AFED-5356497723BC}.Debug|ARM.Build.0 = Debug|Any CPU
		{2A4FA4C4-DA9F-4D6F-AFED-5356497723BC}.Debug|ARM64.ActiveCfg = Debug|Any CPU
		{2A4FA4C4-DA9F-4D6F-AFED-5356497723BC}.Debug|ARM64.Build.0 = Debug|Any CPU
		{2A4FA4C4-DA9F-4D6F-AFED-5356497723BC}.Debug|iPhone.ActiveCfg = Debug|Any CPU
		{2A4FA4C4-DA9F-4D6F-AFED-5356497723BC}.Debug|iPhone.Build.0 = Debug|Any CPU
		{2A4FA4C4-DA9F-4D6F-AFED-5356497723BC}.Debug|iPhoneSimulator.ActiveCfg = Debug|Any CPU
		{2A4FA4C4-DA9F-4D6F-AFED-5356497723BC}.Debug|iPhoneSimulator.Build.0 = Debug|Any CPU
		{2A4FA4C4-DA9F-4D6F-AFED-5356497723BC}.Debug|x64.ActiveCfg = Debug|Any CPU
		{2A4FA4C4-DA9F-4D6F-AFED-5356497723BC}.Debug|x64.Build.0 = Debug|Any CPU
		{2A4FA4C4-DA9F-4D6F-AFED-5356497723BC}.Debug|x86.ActiveCfg = Debug|Any CPU
		{2A4FA4C4-DA9F-4D6F-AFED-5356497723BC}.Debug|x86.Build.0 = Debug|Any CPU
		{2A4FA4C4-DA9F-4D6F-AFED-5356497723BC}.Release|Any CPU.ActiveCfg = Release|Any CPU
		{2A4FA4C4-DA9F-4D6F-AFED-5356497723BC}.Release|Any CPU.Build.0 = Release|Any CPU
		{2A4FA4C4-DA9F-4D6F-AFED-5356497723BC}.Release|ARM.ActiveCfg = Release|Any CPU
		{2A4FA4C4-DA9F-4D6F-AFED-5356497723BC}.Release|ARM.Build.0 = Release|Any CPU
		{2A4FA4C4-DA9F-4D6F-AFED-5356497723BC}.Release|ARM64.ActiveCfg = Release|Any CPU
		{2A4FA4C4-DA9F-4D6F-AFED-5356497723BC}.Release|ARM64.Build.0 = Release|Any CPU
		{2A4FA4C4-DA9F-4D6F-AFED-5356497723BC}.Release|iPhone.ActiveCfg = Release|Any CPU
		{2A4FA4C4-DA9F-4D6F-AFED-5356497723BC}.Release|iPhone.Build.0 = Release|Any CPU
		{2A4FA4C4-DA9F-4D6F-AFED-5356497723BC}.Release|iPhoneSimulator.ActiveCfg = Release|Any CPU
		{2A4FA4C4-DA9F-4D6F-AFED-5356497723BC}.Release|iPhoneSimulator.Build.0 = Release|Any CPU
		{2A4FA4C4-DA9F-4D6F-AFED-5356497723BC}.Release|x64.ActiveCfg = Release|Any CPU
		{2A4FA4C4-DA9F-4D6F-AFED-5356497723BC}.Release|x64.Build.0 = Release|Any CPU
		{2A4FA4C4-DA9F-4D6F-AFED-5356497723BC}.Release|x86.ActiveCfg = Release|Any CPU
		{2A4FA4C4-DA9F-4D6F-AFED-5356497723BC}.Release|x86.Build.0 = Release|Any CPU
	EndGlobalSection
	GlobalSection(SolutionProperties) = preSolution
		HideSolutionNode = FALSE
	EndGlobalSection
	GlobalSection(NestedProjects) = preSolution
		{92131ABE-E0A6-4CD6-BBC3-71CA8FDAE118} = {539ADEE1-0FC7-42AE-9649-84F68054FEBD}
		{D3858757-62D0-4412-961A-3C82BAD78D15} = {539ADEE1-0FC7-42AE-9649-84F68054FEBD}
		{BF01F473-2130-4762-B478-92C58874C4C9} = {539ADEE1-0FC7-42AE-9649-84F68054FEBD}
		{61C46D0C-BC37-49C1-B60E-90BCEDF7EA87} = {539ADEE1-0FC7-42AE-9649-84F68054FEBD}
		{EB167111-3C50-4EDE-B44D-5DF2A482054B} = {539ADEE1-0FC7-42AE-9649-84F68054FEBD}
		{50C02A4D-85DE-42D9-9F2C-D50A72C672A0} = {539ADEE1-0FC7-42AE-9649-84F68054FEBD}
		{913DF7A7-11F3-4650-B423-92CCDC07E182} = {539ADEE1-0FC7-42AE-9649-84F68054FEBD}
		{3F61DBCC-D206-47C1-BFFF-E992D2FFAFAD} = {539ADEE1-0FC7-42AE-9649-84F68054FEBD}
		{2A4FA4C4-DA9F-4D6F-AFED-5356497723BC} = {539ADEE1-0FC7-42AE-9649-84F68054FEBD}
	EndGlobalSection
	GlobalSection(ExtensibilityGlobals) = postSolution
		SolutionGuid = {0B961E3A-F108-4651-AE50-D7EDF55E007C}
	EndGlobalSection
	GlobalSection(SharedMSBuildProjectFiles) = preSolution
		ContactBook.Shared\ContactBook.Shared.projitems*{2a4fa4c4-da9f-4d6f-afed-5356497723bc}*SharedItemsImports = 5
		ContactBook.Shared\ContactBook.Shared.projitems*{3f61dbcc-d206-47c1-bfff-e992d2ffafad}*SharedItemsImports = 5
		ContactBook.Shared\ContactBook.Shared.projitems*{61c46d0c-bc37-49c1-b60e-90bcedf7ea87}*SharedItemsImports = 5
		ContactBook.Shared\ContactBook.Shared.projitems*{6279c845-92f8-4333-ab99-3d213163593c}*SharedItemsImports = 13
		ContactBook.Shared\ContactBook.Shared.projitems*{913df7a7-11f3-4650-b423-92ccdc07e182}*SharedItemsImports = 5
		ContactBook.Shared\ContactBook.Shared.projitems*{92131abe-e0a6-4cd6-bbc3-71ca8fdae118}*SharedItemsImports = 4
		ContactBook.Shared\ContactBook.Shared.projitems*{bf01f473-2130-4762-b478-92c58874c4c9}*SharedItemsImports = 4
		ContactBook.Shared\ContactBook.Shared.projitems*{d3858757-62d0-4412-961a-3c82bad78d15}*SharedItemsImports = 4
		ContactBook.Shared\ContactBook.Shared.projitems*{eb167111-3c50-4ede-b44d-5df2a482054b}*SharedItemsImports = 4
	EndGlobalSection
EndGlobal
